# This file is autogenerated, do not edit; changes may be undone by the next 'dep ensure'.


[[projects]]
  name = "github.com/go-mangos/mangos"
  packages = [
    ".",
    "protocol/pub",
    "protocol/rep",
    "protocol/req",
    "protocol/sub",
    "transport/ipc",
    "transport/tcp"
  ]
  revision = "e5e6478f44cda1eb8427b590755270e2704a990d"

[solve-meta]
  analyzer-name = "dep"
  analyzer-version = 1
  inputs-digest = "1062aaa27c4a44fe9dc840a10f94c99e0853ecc6d5c57830fea5680b7b2718f2"
  solver-name = "gps-cdcl"
  solver-version = 1
